// !$*UTF8*$!
{
	archiveVersion = 1;
	classes = {
	};
	objectVersion = 46;
	objects = {

/* Begin PBXBuildFile section */
		2A33233D19BAE24F003DB872 /* Foundation.framework in Frameworks */ = {isa = PBXBuildFile; fileRef = 2A33233C19BAE24F003DB872 /* Foundation.framework */; };
		2A33234019BAE24F003DB872 /* main.m in Sources */ = {isa = PBXBuildFile; fileRef = 2A33233F19BAE24F003DB872 /* main.m */; };
		2A33234419BAE24F003DB872 /* MacDict.1 in CopyFiles */ = {isa = PBXBuildFile; fileRef = 2A33234319BAE24F003DB872 /* MacDict.1 */; };
/* End PBXBuildFile section */

/* Begin PBXCopyFilesBuildPhase section */
		2A33233719BAE24F003DB872 /* CopyFiles */ = {
			isa = PBXCopyFilesBuildPhase;
			buildActionMask = 2147483647;
			dstPath = /usr/share/man/man1/;
			dstSubfolderSpec = 0;
			files = (
				2A33234419BAE24F003DB872 /* MacDict.1 in CopyFiles */,
			);
			runOnlyForDeploymentPostprocessing = 1;
		};
/* End PBXCopyFilesBuildPhase section */

/* Begin PBXFileReference section */
		2A33233919BAE24F003DB872 /* MacDict */ = {isa = PBXFileReference; explicitFileType = "compiled.mach-o.executable"; includeInIndex = 0; path = MacDict; sourceTree = BUILT_PRODUCTS_DIR; };
		2A33233C19BAE24F003DB872 /* Foundation.framework */ = {isa = PBXFileReference; lastKnownFileType = wrapper.framework; name = Foundation.framework; path = System/Library/Frameworks/Foundation.framework; sourceTree = SDKROOT; };
		2A33233F19BAE24F003DB872 /* main.m */ = {isa = PBXFileReference; lastKnownFileType = sourcecode.c.objc; path = main.m; sourceTree = "<group>"; };
		2A33234219BAE24F003DB872 /* MacDict-Prefix.pch */ = {isa = PBXFileReference; lastKnownFileType = sourcecode.c.h; path = "MacDict-Prefix.pch"; sourceTree = "<group>"; };
		2A33234319BAE24F003DB872 /* MacDict.1 */ = {isa = PBXFileReference; lastKnownFileType = text.man; path = MacDict.1; sourceTree = "<group>"; };
/* End PBXFileReference section */

/* Begin PBXFrameworksBuildPhase section */
		2A33233619BAE24F003DB872 /* Frameworks */ = {
			isa = PBXFrameworksBuildPhase;
			buildActionMask = 2147483647;
			files = (
				2A33233D19BAE24F003DB872 /* Foundation.framework in Frameworks */,
			);
			runOnlyForDeploymentPostprocessing = 0;
		};
/* End PBXFrameworksBuildPhase section */

/* Begin PBXGroup section */
		2A33233019BAE24F003DB872 = {
			isa = PBXGroup;
			children = (
				2A33233E19BAE24F003DB872 /* MacDict */,
				2A33233B19BAE24F003DB872 /* Frameworks */,
				2A33233A19BAE24F003DB872 /* Products */,
			);
			sourceTree = "<group>";
		};
		2A33233A19BAE24F003DB872 /* Products */ = {
			isa = PBXGroup;
			children = (
				2A33233919BAE24F003DB872 /* MacDict */,
			);
			name = Products;
			sourceTree = "<group>";
		};
		2A33233B19BAE24F003DB872 /* Frameworks */ = {
			isa = PBXGroup;
			children = (
				2A33233C19BAE24F003DB872 /* Foundation.framework */,
			);
			name = Frameworks;
			sourceTree = "<group>";
		};
		2A33233E19BAE24F003DB872 /* MacDict */ = {
			isa = PBXGroup;
			children = (
				2A33233F19BAE24F003DB872 /* main.m */,
				2A33234319BAE24F003DB872 /* MacDict.1 */,
				2A33234119BAE24F003DB872 /* Supporting Files */,
			);
			path = MacDict;
			sourceTree = "<group>";
		};
		2A33234119BAE24F003DB872 /* Supporting Files */ = {
			isa = PBXGroup;
			children = (
				2A33234219BAE24F003DB872 /* MacDict-Prefix.pch */,
			);
			name = "Supporting Files";
			sourceTree = "<group>";
		};
/* End PBXGroup section */

/* Begin PBXNativeTarget section */
		2A33233819BAE24F003DB872 /* MacDict */ = {
			isa = PBXNativeTarget;
			buildConfigurationList = 2A33234719BAE24F003DB872 /* Build configuration list for PBXNativeTarget "MacDict" */;
			buildPhases = (
				2A33233519BAE24F003DB872 /* Sources */,
				2A33233619BAE24F003DB872 /* Frameworks */,
				2A33233719BAE24F003DB872 /* CopyFiles */,
			);
			buildRules = (
			);
			dependencies = (
			);
			name = MacDict;
			productName = MacDict;
			productReference = 2A33233919BAE24F003DB872 /* MacDict */;
			productType = "com.apple.product-type.tool";
		};
/* End PBXNativeTarget section */

/* Begin PBXProject section */
		2A33233119BAE24F003DB872 /* Project object */ = {
			isa = PBXProject;
			attributes = {
				LastUpgradeCheck = 0510;
				ORGANIZATIONNAME = "___FULLUSERNAME___";
			};
			buildConfigurationList = 2A33233419BAE24F003DB872 /* Build configuration list for PBXProject "MacDict" */;
			compatibilityVersion = "Xcode 3.2";
			developmentRegion = English;
			hasScannedForEncodings = 0;
			knownRegions = (
				en,
			);
			mainGroup = 2A33233019BAE24F003DB872;
			productRefGroup = 2A33233A19BAE24F003DB872 /* Products */;
			projectDirPath = "";
			projectRoot = "";
			targets = (
				2A33233819BAE24F003DB872 /* MacDict */,
			);
		};
/* End PBXProject section */

/* Begin PBXSourcesBuildPhase section */
		2A33233519BAE24F003DB872 /* Sources */ = {
			isa = PBXSourcesBuildPhase;
			buildActionMask = 2147483647;
			files = (
				2A33234019BAE24F003DB872 /* main.m in Sources */,
			);
			runOnlyForDeploymentPostprocessing = 0;
		};
/* End PBXSourcesBuildPhase section */

/* Begin XCBuildConfiguration section */
		2A33234519BAE24F003DB872 /* Debug */ = {
			isa = XCBuildConfiguration;
			buildSettings = {
				ALWAYS_SEARCH_USER_PATHS = NO;
				CLANG_CXX_LANGUAGE_STANDARD = "gnu++0x";
				CLANG_CXX_LIBRARY = "libc++";
				CLANG_ENABLE_MODULES = YES;
				CLANG_ENABLE_OBJC_ARC = YES;
				CLANG_WARN_BOOL_CONVERSION = YES;
				CLANG_WARN_CONSTANT_CONVERSION = YES;
				CLANG_WARN_DIRECT_OBJC_ISA_USAGE = YES_ERROR;
				CLANG_WARN_EMPTY_BODY = YES;
				CLANG_WARN_ENUM_CONVERSION = YES;
				CLANG_WARN_INT_CONVERSION = YES;
				CLANG_WARN_OBJC_ROOT_CLASS = YES_ERROR;
				CLANG_WARN__DUPLICATE_METHOD_MATCH = YES;
				COPY_PHASE_STRIP = NO;
				GCC_C_LANGUAGE_STANDARD = gnu99;
				GCC_DYNAMIC_NO_PIC = NO;
				GCC_ENABLE_OBJC_EXCEPTIONS = YES;
				GCC_OPTIMIZATION_LEVEL = 0;
				GCC_PREPROCESSOR_DEFINITIONS = (
					"DEBUG=1",
					"$(inherited)",
				);
				GCC_SYMBOLS_PRIVATE_EXTERN = NO;
				GCC_WARN_64_TO_32_BIT_CONVERSION = YES;
				GCC_WARN_ABOUT_RETURN_TYPE = YES_ERROR;
				GCC_WARN_UNDECLARED_SELECTOR = YES;
				GCC_WARN_UNINITIALIZED_AUTOS = YES_AGGRESSIVE;
				GCC_WARN_UNUSED_FUNCTION = YES;
				GCC_WARN_UNUSED_VARIABLE = YES;
				MACOSX_DEPLOYMENT_TARGET = 10.9;
				ONLY_ACTIVE_ARCH = YES;
				SDKROOT = macosx;
			};
			name = Debug;
		};
		2A33234619BAE24F003DB872 /* Release */ = {
			isa = XCBuildConfiguration;
			buildSettings = {
				ALWAYS_SEARCH_USER_PATHS = NO;
				CLANG_CXX_LANGUAGE_STANDARD = "gnu++0x";
				CLANG_CXX_LIBRARY = "libc++";
				CLANG_ENABLE_MODULES = YES;
				CLANG_ENABLE_OBJC_ARC = YES;
				CLANG_WARN_BOOL_CONVERSION = YES;
				CLANG_WARN_CONSTANT_CONVERSION = YES;
				CLANG_WARN_DIRECT_OBJC_ISA_USAGE = YES_ERROR;
				CLANG_WARN_EMPTY_BODY = YES;
				CLANG_WARN_ENUM_CONVERSION = YES;
				CLANG_WARN_INT_CONVERSION = YES;
				CLANG_WARN_OBJC_ROOT_CLASS = YES_ERROR;
				CLANG_WARN__DUPLICATE_METHOD_MATCH = YES;
				COPY_PHASE_STRIP = YES;
				DEBUG_INFORMATION_FORMAT = "dwarf-with-dsym";
				ENABLE_NS_ASSERTIONS = NO;
				GCC_C_LANGUAGE_STANDARD = gnu99;
				GCC_ENABLE_OBJC_EXCEPTIONS = YES;
				GCC_WARN_64_TO_32_BIT_CONVERSION = YES;
				GCC_WARN_ABOUT_RETURN_TYPE = YES_ERROR;
				GCC_WARN_UNDECLARED_SELECTOR = YES;
				GCC_WARN_UNINITIALIZED_AUTOS = YES_AGGRESSIVE;
				GCC_WARN_UNUSED_FUNCTION = YES;
				GCC_WARN_UNUSED_VARIABLE = YES;
				MACOSX_DEPLOYMENT_TARGET = 10.9;
				SDKROOT = macosx;
			};
			name = Release;
		};
		2A33234819BAE24F003DB872 /* Debug */ = {
			isa = XCBuildConfiguration;
			buildSettings = {
				GCC_PRECOMPILE_PREFIX_HEADER = YES;
				GCC_PREFIX_HEADER = "MacDict/MacDict-Prefix.pch";
				PRODUCT_NAME = "$(TARGET_NAME)";
			};
			name = Debug;
		};
		2A33234919BAE24F003DB872 /* Release */ = {
			isa = XCBuildConfiguration;
			buildSettings = {
				GCC_PRECOMPILE_PREFIX_HEADER = YES;
				GCC_PREFIX_HEADER = "MacDict/MacDict-Prefix.pch";
				PRODUCT_NAME = "$(TARGET_NAME)";
			};
			name = Release;
		};
/* End XCBuildConfiguration section */

/* Begin XCConfigurationList section */
		2A33233419BAE24F003DB872 /* Build configuration list for PBXProject "MacDict" */ = {
			isa = XCConfigurationList;
			buildConfigurations = (
				2A33234519BAE24F003DB872 /* Debug */,
				2A33234619BAE24F003DB872 /* Release */,
			);
			defaultConfigurationIsVisible = 0;
			defaultConfigurationName = Release;
		};
		2A33234719BAE24F003DB872 /* Build configuration list for PBXNativeTarget "MacDict" */ = {
			isa = XCConfigurationList;
			buildConfigurations = (
				2A33234819BAE24F003DB872 /* Debug */,
				2A33234919BAE24F003DB872 /* Release */,
			);
			defaultConfigurationIsVisible = 0;
		};
/* End XCConfigurationList section */
	};
	rootObject = 2A33233119BAE24F003DB872 /* Project object */;
}
